// !$*UTF8*$!
{
	archiveVersion = 1;
	classes = {
	};
	objectVersion = 46;
	objects = {

/* Begin PBXBuildFile section */
		110CEA840B217E5755738CE5 /* main.swift in Sources */ = {isa = PBXBuildFile; fileRef = 6C409B3267FB507362281FB2 /* main.swift */; };
		32057D202D784BB6036604C2 /* SerialManager.swift in Sources */ = {isa = PBXBuildFile; fileRef = 8A32DFEF8AF499DC1E3135E8 /* SerialManager.swift */; };
		BE9897E2737F92B7BC1A6F58 /* AppDelegate.swift in Sources */ = {isa = PBXBuildFile; fileRef = 8359BCD8A4389BD7D2FBB18C /* AppDelegate.swift */; };
		D30C8C3041B8478A06A93A7E /* Assets.xcassets in Resources */ = {isa = PBXBuildFile; fileRef = E870E06765909E8322C026FE /* Assets.xcassets */; };
		E044FD33623202C2C8DE50ED /* PasteService.swift in Sources */ = {isa = PBXBuildFile; fileRef = C66B458FC7B6B51022BB14C5 /* PasteService.swift */; };
		F0F8A0C7E80EC325AB5CEFEB /* Cocoa.framework in Frameworks */ = {isa = PBXBuildFile; fileRef = 2F3F7E1A5DBC72E6DB55EF6D /* Cocoa.framework */; };
/* End PBXBuildFile section */

/* Begin PBXFileReference section */
		25573A15349942D445E64207 /* ScanSnapper.app */ = {isa = PBXFileReference; explicitFileType = wrapper.application; includeInIndex = 0; path = ScanSnapper.app; sourceTree = BUILT_PRODUCTS_DIR; };
		2F3F7E1A5DBC72E6DB55EF6D /* Cocoa.framework */ = {isa = PBXFileReference; lastKnownFileType = wrapper.framework; name = Cocoa.framework; path = Platforms/MacOSX.platform/Developer/SDKs/MacOSX15.0.sdk/System/Library/Frameworks/Cocoa.framework; sourceTree = DEVELOPER_DIR; };
		6C409B3267FB507362281FB2 /* main.swift */ = {isa = PBXFileReference; includeInIndex = 1; lastKnownFileType = sourcecode.swift; path = main.swift; sourceTree = "<group>"; };
		8359BCD8A4389BD7D2FBB18C /* AppDelegate.swift */ = {isa = PBXFileReference; includeInIndex = 1; lastKnownFileType = sourcecode.swift; path = AppDelegate.swift; sourceTree = "<group>"; };
		8A32DFEF8AF499DC1E3135E8 /* SerialManager.swift */ = {isa = PBXFileReference; includeInIndex = 1; lastKnownFileType = sourcecode.swift; path = SerialManager.swift; sourceTree = "<group>"; };
		C66B458FC7B6B51022BB14C5 /* PasteService.swift */ = {isa = PBXFileReference; includeInIndex = 1; lastKnownFileType = sourcecode.swift; path = PasteService.swift; sourceTree = "<group>"; };
		E870E06765909E8322C026FE /* Assets.xcassets */ = {isa = PBXFileReference; includeInIndex = 1; lastKnownFileType = folder.assetcatalog; path = Assets.xcassets; sourceTree = "<group>"; };
/* End PBXFileReference section */

/* Begin PBXFrameworksBuildPhase section */
		D75F82704B1E2EE60CA7A606 /* Frameworks */ = {
			isa = PBXFrameworksBuildPhase;
			buildActionMask = 2147483647;
			files = (
				F0F8A0C7E80EC325AB5CEFEB /* Cocoa.framework in Frameworks */,
			);
			runOnlyForDeploymentPostprocessing = 0;
		};
/* End PBXFrameworksBuildPhase section */

/* Begin PBXGroup section */
		906865F8B3F13B983510CFBC = {
			isa = PBXGroup;
			children = (
				C38425897C5E0AC1BAE55D1B /* Products */,
				FA43D52948B9A587126D82B8 /* Frameworks */,
				E29CB0C8FA0C00FF57165676 /* Sources */,
			);
			sourceTree = "<group>";
		};
		C38425897C5E0AC1BAE55D1B /* Products */ = {
			isa = PBXGroup;
			children = (
				25573A15349942D445E64207 /* ScanSnapper.app */,
			);
			name = Products;
			sourceTree = "<group>";
		};
		D0DD36A463E02261AFD79786 /* OS X */ = {
			isa = PBXGroup;
			children = (
				2F3F7E1A5DBC72E6DB55EF6D /* Cocoa.framework */,
			);
			name = "OS X";
			sourceTree = "<group>";
		};
		E29CB0C8FA0C00FF57165676 /* Sources */ = {
			isa = PBXGroup;
			children = (
				6C409B3267FB507362281FB2 /* main.swift */,
				8359BCD8A4389BD7D2FBB18C /* AppDelegate.swift */,
				8A32DFEF8AF499DC1E3135E8 /* SerialManager.swift */,
				C66B458FC7B6B51022BB14C5 /* PasteService.swift */,
				E870E06765909E8322C026FE /* Assets.xcassets */,
			);
			name = Sources;
			path = Sources;
			sourceTree = "<group>";
		};
		FA43D52948B9A587126D82B8 /* Frameworks */ = {
			isa = PBXGroup;
			children = (
				D0DD36A463E02261AFD79786 /* OS X */,
			);
			name = Frameworks;
			sourceTree = "<group>";
		};
/* End PBXGroup section */

/* Begin PBXNativeTarget section */
		D0A3C82147E50FA79739A9F2 /* ScanSnapper */ = {
			isa = PBXNativeTarget;
			buildConfigurationList = 7DF965452B6ECB7C45F6C631 /* Build configuration list for PBXNativeTarget "ScanSnapper" */;
			buildPhases = (
				8FD4F591EF06CEE8145ACA09 /* Sources */,
				D75F82704B1E2EE60CA7A606 /* Frameworks */,
				E6793285E93E9C9B37E86E3A /* Resources */,
			);
			buildRules = (
			);
			dependencies = (
			);
			name = ScanSnapper;
			packageProductDependencies = (
				7F94A162BD90F37CC6C9F3AC /* ORSSerial */,
			);
			productName = ScanSnapper;
			productReference = 25573A15349942D445E64207 /* ScanSnapper.app */;
			productType = "com.apple.product-type.application";
		};
/* End PBXNativeTarget section */

/* Begin PBXProject section */
		8315E4677CF0300313CA053C /* Project object */ = {
			isa = PBXProject;
			attributes = {
				LastSwiftUpdateCheck = 1600;
				LastUpgradeCheck = 1600;
			};
			buildConfigurationList = D22D6DBD01411625A95CBC8F /* Build configuration list for PBXProject "ScanSnapper" */;
			compatibilityVersion = "Xcode 3.2";
			developmentRegion = en;
			hasScannedForEncodings = 0;
			knownRegions = (
				en,
				Base,
			);
			mainGroup = 906865F8B3F13B983510CFBC;
			minimizedProjectReferenceProxies = 0;
			packageReferences = (
				BE994BB1F3E6C5CEB8FAA39E /* XCRemoteSwiftPackageReference "ORSSerialPort" */,
			);
			preferredProjectObjectVersion = 77;
			productRefGroup = C38425897C5E0AC1BAE55D1B /* Products */;
			projectDirPath = "";
			projectRoot = "";
			targets = (
				D0A3C82147E50FA79739A9F2 /* ScanSnapper */,
			);
		};
/* End PBXProject section */

/* Begin PBXResourcesBuildPhase section */
		E6793285E93E9C9B37E86E3A /* Resources */ = {
			isa = PBXResourcesBuildPhase;
			buildActionMask = 2147483647;
			files = (
				D30C8C3041B8478A06A93A7E /* Assets.xcassets in Resources */,
			);
			runOnlyForDeploymentPostprocessing = 0;
		};
/* End PBXResourcesBuildPhase section */

/* Begin PBXSourcesBuildPhase section */
		8FD4F591EF06CEE8145ACA09 /* Sources */ = {
			isa = PBXSourcesBuildPhase;
			buildActionMask = 2147483647;
			files = (
				110CEA840B217E5755738CE5 /* main.swift in Sources */,
				BE9897E2737F92B7BC1A6F58 /* AppDelegate.swift in Sources */,
				32057D202D784BB6036604C2 /* SerialManager.swift in Sources */,
				E044FD33623202C2C8DE50ED /* PasteService.swift in Sources */,
			);
			runOnlyForDeploymentPostprocessing = 0;
		};
/* End PBXSourcesBuildPhase section */

/* Begin XCBuildConfiguration section */
		00B9C2E72C72B05C23521030 /* Release */ = {
			isa = XCBuildConfiguration;
			buildSettings = {
				ALWAYS_SEARCH_USER_PATHS = NO;
				CLANG_ANALYZER_NONNULL = YES;
				CLANG_ANALYZER_NUMBER_OBJECT_CONVERSION = YES_AGGRESSIVE;
				CLANG_CXX_LANGUAGE_STANDARD = "gnu++14";
				CLANG_CXX_LIBRARY = "libc++";
				CLANG_ENABLE_MODULES = YES;
				CLANG_ENABLE_OBJC_ARC = YES;
				CLANG_ENABLE_OBJC_WEAK = YES;
				CLANG_WARN_BLOCK_CAPTURE_AUTORELEASING = YES;
				CLANG_WARN_BOOL_CONVERSION = YES;
				CLANG_WARN_COMMA = YES;
				CLANG_WARN_CONSTANT_CONVERSION = YES;
				CLANG_WARN_DEPRECATED_OBJC_IMPLEMENTATIONS = YES;
				CLANG_WARN_DIRECT_OBJC_ISA_USAGE = YES_ERROR;
				CLANG_WARN_DOCUMENTATION_COMMENTS = YES;
				CLANG_WARN_EMPTY_BODY = YES;
				CLANG_WARN_ENUM_CONVERSION = YES;
				CLANG_WARN_INFINITE_RECURSION = YES;
				CLANG_WARN_INT_CONVERSION = YES;
				CLANG_WARN_NON_LITERAL_NULL_CONVERSION = YES;
				CLANG_WARN_OBJC_IMPLICIT_RETAIN_SELF = YES;
				CLANG_WARN_OBJC_LITERAL_CONVERSION = YES;
				CLANG_WARN_OBJC_ROOT_CLASS = YES_ERROR;
				CLANG_WARN_QUOTED_INCLUDE_IN_FRAMEWORK_HEADER = YES;
				CLANG_WARN_RANGE_LOOP_ANALYSIS = YES;
				CLANG_WARN_STRICT_PROTOTYPES = YES;
				CLANG_WARN_SUSPICIOUS_MOVE = YES;
				CLANG_WARN_UNGUARDED_AVAILABILITY = YES_AGGRESSIVE;
				CLANG_WARN_UNREACHABLE_CODE = YES;
				CLANG_WARN__DUPLICATE_METHOD_MATCH = YES;
				COPY_PHASE_STRIP = NO;
				DEBUG_INFORMATION_FORMAT = "dwarf-with-dsym";
				ENABLE_NS_ASSERTIONS = NO;
				ENABLE_STRICT_OBJC_MSGSEND = YES;
				GCC_C_LANGUAGE_STANDARD = gnu11;
				GCC_NO_COMMON_BLOCKS = YES;
				GCC_WARN_64_TO_32_BIT_CONVERSION = YES;
				GCC_WARN_ABOUT_RETURN_TYPE = YES_ERROR;
				GCC_WARN_UNDECLARED_SELECTOR = YES;
				GCC_WARN_UNINITIALIZED_AUTOS = YES_AGGRESSIVE;
				GCC_WARN_UNUSED_FUNCTION = YES;
				GCC_WARN_UNUSED_VARIABLE = YES;
				MTL_ENABLE_DEBUG_INFO = NO;
				MTL_FAST_MATH = YES;
				PRODUCT_NAME = "$(TARGET_NAME)";
				SWIFT_COMPILATION_MODE = wholemodule;
				SWIFT_OPTIMIZATION_LEVEL = "-O";
				SWIFT_VERSION = 5.0;
			};
			name = Release;
		};
		54E3EBAA629B5AE719E7D1E3 /* Release */ = {
			isa = XCBuildConfiguration;
			buildSettings = {
				ASSETCATALOG_COMPILER_APPICON_NAME = AppIcon;
				ASSETCATALOG_COMPILER_GLOBAL_ACCENT_COLOR_NAME = AccentColor;
				COMBINE_HIDPI_IMAGES = YES;
				INFOPLIST_FILE = Sources/Info.plist;
				INFOPLIST_KEY_LSUIElement = YES;
				LD_RUNPATH_SEARCH_PATHS = "$(inherited) @executable_path/../Frameworks";
				MACOSX_DEPLOYMENT_TARGET = 12.0;
				PRODUCT_BUNDLE_IDENTIFIER = com.wonderdrill.ScanSnapperMac;
				SDKROOT = macosx;
				SWIFT_VERSION = 5.0;
			};
			name = Release;
		};
		85BECE9EFEFED22AAF7C9FBE /* Debug */ = {
			isa = XCBuildConfiguration;
			buildSettings = {
				ALWAYS_SEARCH_USER_PATHS = NO;
				CLANG_ANALYZER_NONNULL = YES;
				CLANG_ANALYZER_NUMBER_OBJECT_CONVERSION = YES_AGGRESSIVE;
				CLANG_CXX_LANGUAGE_STANDARD = "gnu++14";
				CLANG_CXX_LIBRARY = "libc++";
				CLANG_ENABLE_MODULES = YES;
				CLANG_ENABLE_OBJC_ARC = YES;
				CLANG_ENABLE_OBJC_WEAK = YES;
				CLANG_WARN_BLOCK_CAPTURE_AUTORELEASING = YES;
				CLANG_WARN_BOOL_CONVERSION = YES;
				CLANG_WARN_COMMA = YES;
				CLANG_WARN_CONSTANT_CONVERSION = YES;
				CLANG_WARN_DEPRECATED_OBJC_IMPLEMENTATIONS = YES;
				CLANG_WARN_DIRECT_OBJC_ISA_USAGE = YES_ERROR;
				CLANG_WARN_DOCUMENTATION_COMMENTS = YES;
				CLANG_WARN_EMPTY_BODY = YES;
				CLANG_WARN_ENUM_CONVERSION = YES;
				CLANG_WARN_INFINITE_RECURSION = YES;
				CLANG_WARN_INT_CONVERSION = YES;
				CLANG_WARN_NON_LITERAL_NULL_CONVERSION = YES;
				CLANG_WARN_OBJC_IMPLICIT_RETAIN_SELF = YES;
				CLANG_WARN_OBJC_LITERAL_CONVERSION = YES;
				CLANG_WARN_OBJC_ROOT_CLASS = YES_ERROR;
				CLANG_WARN_QUOTED_INCLUDE_IN_FRAMEWORK_HEADER = YES;
				CLANG_WARN_RANGE_LOOP_ANALYSIS = YES;
				CLANG_WARN_STRICT_PROTOTYPES = YES;
				CLANG_WARN_SUSPICIOUS_MOVE = YES;
				CLANG_WARN_UNGUARDED_AVAILABILITY = YES_AGGRESSIVE;
				CLANG_WARN_UNREACHABLE_CODE = YES;
				CLANG_WARN__DUPLICATE_METHOD_MATCH = YES;
				COPY_PHASE_STRIP = NO;
				DEBUG_INFORMATION_FORMAT = dwarf;
				ENABLE_STRICT_OBJC_MSGSEND = YES;
				ENABLE_TESTABILITY = YES;
				GCC_C_LANGUAGE_STANDARD = gnu11;
				GCC_DYNAMIC_NO_PIC = NO;
				GCC_NO_COMMON_BLOCKS = YES;
				GCC_OPTIMIZATION_LEVEL = 0;
				GCC_PREPROCESSOR_DEFINITIONS = (
					"DEBUG=1",
					"$(inherited)",
				);
				GCC_WARN_64_TO_32_BIT_CONVERSION = YES;
				GCC_WARN_ABOUT_RETURN_TYPE = YES_ERROR;
				GCC_WARN_UNDECLARED_SELECTOR = YES;
				GCC_WARN_UNINITIALIZED_AUTOS = YES_AGGRESSIVE;
				GCC_WARN_UNUSED_FUNCTION = YES;
				GCC_WARN_UNUSED_VARIABLE = YES;
				MTL_ENABLE_DEBUG_INFO = INCLUDE_SOURCE;
				MTL_FAST_MATH = YES;
				ONLY_ACTIVE_ARCH = YES;
				PRODUCT_NAME = "$(TARGET_NAME)";
				SWIFT_ACTIVE_COMPILATION_CONDITIONS = DEBUG;
				SWIFT_OPTIMIZATION_LEVEL = "-Onone";
				SWIFT_VERSION = 5.0;
			};
			name = Debug;
		};
		D96C119E2056BA491ED391FA /* Debug */ = {
			isa = XCBuildConfiguration;
			buildSettings = {
				ASSETCATALOG_COMPILER_APPICON_NAME = AppIcon;
				ASSETCATALOG_COMPILER_GLOBAL_ACCENT_COLOR_NAME = AccentColor;
				COMBINE_HIDPI_IMAGES = YES;
				INFOPLIST_FILE = Sources/Info.plist;
				INFOPLIST_KEY_LSUIElement = YES;
				LD_RUNPATH_SEARCH_PATHS = "$(inherited) @executable_path/../Frameworks";
				MACOSX_DEPLOYMENT_TARGET = 12.0;
				PRODUCT_BUNDLE_IDENTIFIER = com.wonderdrill.ScanSnapperMac;
				SDKROOT = macosx;
				SWIFT_VERSION = 5.0;
			};
			name = Debug;
		};
/* End XCBuildConfiguration section */

/* Begin XCConfigurationList section */
		7DF965452B6ECB7C45F6C631 /* Build configuration list for PBXNativeTarget "ScanSnapper" */ = {
			isa = XCConfigurationList;
			buildConfigurations = (
				54E3EBAA629B5AE719E7D1E3 /* Release */,
				D96C119E2056BA491ED391FA /* Debug */,
			);
			defaultConfigurationIsVisible = 0;
			defaultConfigurationName = Release;
		};
		D22D6DBD01411625A95CBC8F /* Build configuration list for PBXProject "ScanSnapper" */ = {
			isa = XCConfigurationList;
			buildConfigurations = (
				85BECE9EFEFED22AAF7C9FBE /* Debug */,
				00B9C2E72C72B05C23521030 /* Release */,
			);
			defaultConfigurationIsVisible = 0;
			defaultConfigurationName = Release;
		};
/* End XCConfigurationList section */

/* Begin XCRemoteSwiftPackageReference section */
		BE994BB1F3E6C5CEB8FAA39E /* XCRemoteSwiftPackageReference "ORSSerialPort" */ = {
			isa = XCRemoteSwiftPackageReference;
			repositoryURL = "https://github.com/armadsen/ORSSerialPort.git";
			requirement = {
				kind = upToNextMajorVersion;
				minimumVersion = 2.1.0;
			};
		};
/* End XCRemoteSwiftPackageReference section */

/* Begin XCSwiftPackageProductDependency section */
		7F94A162BD90F37CC6C9F3AC /* ORSSerial */ = {
			isa = XCSwiftPackageProductDependency;
			package = BE994BB1F3E6C5CEB8FAA39E /* XCRemoteSwiftPackageReference "ORSSerialPort" */;
			productName = ORSSerial;
		};
/* End XCSwiftPackageProductDependency section */
	};
	rootObject = 8315E4677CF0300313CA053C /* Project object */;
}
